// !$*UTF8*$!
{
	archiveVersion = 1;
	classes = {
	};
	objectVersion = 77;
	objects = {

/* Begin PBXContainerItemProxy section */
		C723ECFE2CB45FAB009E4B52 /* PBXContainerItemProxy */ = {
			isa = PBXContainerItemProxy;
			containerPortal = C723ECE52CB45FA9009E4B52 /* Project object */;
			proxyType = 1;
			remoteGlobalIDString = C723ECEC2CB45FA9009E4B52;
			remoteInfo = MovieWatchList;
		};
		C723ED542CB4706F009E4B52 /* PBXContainerItemProxy */ = {
			isa = PBXContainerItemProxy;
			containerPortal = C723ECE52CB45FA9009E4B52 /* Project object */;
			proxyType = 1;
			remoteGlobalIDString = C723ECEC2CB45FA9009E4B52;
			remoteInfo = MovieWatchList;
		};
/* End PBXContainerItemProxy section */

/* Begin PBXFileReference section */
		C723ECED2CB45FA9009E4B52 /* MovieWatchList.app */ = {isa = PBXFileReference; explicitFileType = wrapper.application; includeInIndex = 0; path = MovieWatchList.app; sourceTree = BUILT_PRODUCTS_DIR; };
		C723ECFD2CB45FAB009E4B52 /* MovieWatchListTests.xctest */ = {isa = PBXFileReference; explicitFileType = wrapper.cfbundle; includeInIndex = 0; path = MovieWatchListTests.xctest; sourceTree = BUILT_PRODUCTS_DIR; };
		C723ED4E2CB4706F009E4B52 /* MovieWatchListUITesting.xctest */ = {isa = PBXFileReference; explicitFileType = wrapper.cfbundle; includeInIndex = 0; path = MovieWatchListUITesting.xctest; sourceTree = BUILT_PRODUCTS_DIR; };
/* End PBXFileReference section */

/* Begin PBXFileSystemSynchronizedRootGroup section */
		C723ECEF2CB45FA9009E4B52 /* MovieWatchList */ = {
			isa = PBXFileSystemSynchronizedRootGroup;
			path = MovieWatchList;
			sourceTree = "<group>";
		};
		C723ED002CB45FAB009E4B52 /* MovieWatchListTests */ = {
			isa = PBXFileSystemSynchronizedRootGroup;
			path = MovieWatchListTests;
			sourceTree = "<group>";
		};
		C723ED4F2CB4706F009E4B52 /* MovieWatchListUITesting */ = {
			isa = PBXFileSystemSynchronizedRootGroup;
			path = MovieWatchListUITesting;
			sourceTree = "<group>";
		};
/* End PBXFileSystemSynchronizedRootGroup section */

/* Begin PBXFrameworksBuildPhase section */
		C723ECEA2CB45FA9009E4B52 /* Frameworks */ = {
			isa = PBXFrameworksBuildPhase;
			buildActionMask = 2147483647;
			files = (
			);
			runOnlyForDeploymentPostprocessing = 0;
		};
		C723ECFA2CB45FAB009E4B52 /* Frameworks */ = {
			isa = PBXFrameworksBuildPhase;
			buildActionMask = 2147483647;
			files = (
			);
			runOnlyForDeploymentPostprocessing = 0;
		};
		C723ED4B2CB4706F009E4B52 /* Frameworks */ = {
			isa = PBXFrameworksBuildPhase;
			buildActionMask = 2147483647;
			files = (
			);
			runOnlyForDeploymentPostprocessing = 0;
		};
/* End PBXFrameworksBuildPhase section */

/* Begin PBXGroup section */
		C723ECE42CB45FA9009E4B52 = {
			isa = PBXGroup;
			children = (
				C723ECEF2CB45FA9009E4B52 /* MovieWatchList */,
				C723ED002CB45FAB009E4B52 /* MovieWatchListTests */,
				C723ED4F2CB4706F009E4B52 /* MovieWatchListUITesting */,
				C723ECEE2CB45FA9009E4B52 /* Products */,
			);
			sourceTree = "<group>";
		};
		C723ECEE2CB45FA9009E4B52 /* Products */ = {
			isa = PBXGroup;
			children = (
				C723ECED2CB45FA9009E4B52 /* MovieWatchList.app */,
				C723ECFD2CB45FAB009E4B52 /* MovieWatchListTests.xctest */,
				C723ED4E2CB4706F009E4B52 /* MovieWatchListUITesting.xctest */,
			);
			name = Products;
			sourceTree = "<group>";
		};
/* End PBXGroup section */

/* Begin PBXNativeTarget section */
		C723ECEC2CB45FA9009E4B52 /* MovieWatchList */ = {
			isa = PBXNativeTarget;
			buildConfigurationList = C723ED112CB45FAB009E4B52 /* Build configuration list for PBXNativeTarget "MovieWatchList" */;
			buildPhases = (
				C723ECE92CB45FA9009E4B52 /* Sources */,
				C723ECEA2CB45FA9009E4B52 /* Frameworks */,
				C723ECEB2CB45FA9009E4B52 /* Resources */,
			);
			buildRules = (
			);
			dependencies = (
			);
			fileSystemSynchronizedGroups = (
				C723ECEF2CB45FA9009E4B52 /* MovieWatchList */,
			);
			name = MovieWatchList;
			packageProductDependencies = (
			);
			productName = MovieWatchList;
			productReference = C723ECED2CB45FA9009E4B52 /* MovieWatchList.app */;
			productType = "com.apple.product-type.application";
		};
		C723ECFC2CB45FAB009E4B52 /* MovieWatchListTests */ = {
			isa = PBXNativeTarget;
			buildConfigurationList = C723ED142CB45FAB009E4B52 /* Build configuration list for PBXNativeTarget "MovieWatchListTests" */;
			buildPhases = (
				C723ECF92CB45FAB009E4B52 /* Sources */,
				C723ECFA2CB45FAB009E4B52 /* Frameworks */,
				C723ECFB2CB45FAB009E4B52 /* Resources */,
			);
			buildRules = (
			);
			dependencies = (
				C723ECFF2CB45FAB009E4B52 /* PBXTargetDependency */,
			);
			fileSystemSynchronizedGroups = (
				C723ED002CB45FAB009E4B52 /* MovieWatchListTests */,
			);
			name = MovieWatchListTests;
			packageProductDependencies = (
			);
			productName = MovieWatchListTests;
			productReference = C723ECFD2CB45FAB009E4B52 /* MovieWatchListTests.xctest */;
			productType = "com.apple.product-type.bundle.unit-test";
		};
		C723ED4D2CB4706F009E4B52 /* MovieWatchListUITesting */ = {
			isa = PBXNativeTarget;
			buildConfigurationList = C723ED562CB4706F009E4B52 /* Build configuration list for PBXNativeTarget "MovieWatchListUITesting" */;
			buildPhases = (
				C723ED4A2CB4706F009E4B52 /* Sources */,
				C723ED4B2CB4706F009E4B52 /* Frameworks */,
				C723ED4C2CB4706F009E4B52 /* Resources */,
			);
			buildRules = (
			);
			dependencies = (
				C723ED552CB4706F009E4B52 /* PBXTargetDependency */,
			);
			fileSystemSynchronizedGroups = (
				C723ED4F2CB4706F009E4B52 /* MovieWatchListUITesting */,
			);
			name = MovieWatchListUITesting;
			packageProductDependencies = (
			);
			productName = MovieWatchListUITesting;
			productReference = C723ED4E2CB4706F009E4B52 /* MovieWatchListUITesting.xctest */;
			productType = "com.apple.product-type.bundle.ui-testing";
		};
/* End PBXNativeTarget section */

/* Begin PBXProject section */
		C723ECE52CB45FA9009E4B52 /* Project object */ = {
			isa = PBXProject;
			attributes = {
				BuildIndependentTargetsInParallel = 1;
				LastSwiftUpdateCheck = 1600;
				LastUpgradeCheck = 1600;
				TargetAttributes = {
					C723ECEC2CB45FA9009E4B52 = {
						CreatedOnToolsVersion = 16.0;
					};
					C723ECFC2CB45FAB009E4B52 = {
						CreatedOnToolsVersion = 16.0;
						TestTargetID = C723ECEC2CB45FA9009E4B52;
					};
					C723ED4D2CB4706F009E4B52 = {
						CreatedOnToolsVersion = 16.0;
						TestTargetID = C723ECEC2CB45FA9009E4B52;
					};
				};
			};
			buildConfigurationList = C723ECE82CB45FA9009E4B52 /* Build configuration list for PBXProject "MovieWatchList" */;
			developmentRegion = en;
			hasScannedForEncodings = 0;
			knownRegions = (
				en,
				Base,
			);
			mainGroup = C723ECE42CB45FA9009E4B52;
			minimizedProjectReferenceProxies = 1;
			preferredProjectObjectVersion = 77;
			productRefGroup = C723ECEE2CB45FA9009E4B52 /* Products */;
			projectDirPath = "";
			projectRoot = "";
			targets = (
				C723ECEC2CB45FA9009E4B52 /* MovieWatchList */,
				C723ECFC2CB45FAB009E4B52 /* MovieWatchListTests */,
				C723ED4D2CB4706F009E4B52 /* MovieWatchListUITesting */,
			);
		};
/* End PBXProject section */

/* Begin PBXResourcesBuildPhase section */
		C723ECEB2CB45FA9009E4B52 /* Resources */ = {
			isa = PBXResourcesBuildPhase;
			buildActionMask = 2147483647;
			files = (
			);
			runOnlyForDeploymentPostprocessing = 0;
		};
		C723ECFB2CB45FAB009E4B52 /* Resources */ = {
			isa = PBXResourcesBuildPhase;
			buildActionMask = 2147483647;
			files = (
			);
			runOnlyForDeploymentPostprocessing = 0;
		};
		C723ED4C2CB4706F009E4B52 /* Resources */ = {
			isa = PBXResourcesBuildPhase;
			buildActionMask = 2147483647;
			files = (
			);
			runOnlyForDeploymentPostprocessing = 0;
		};
/* End PBXResourcesBuildPhase section */

/* Begin PBXSourcesBuildPhase section */
		C723ECE92CB45FA9009E4B52 /* Sources */ = {
			isa = PBXSourcesBuildPhase;
			buildActionMask = 2147483647;
			files = (
			);
			runOnlyForDeploymentPostprocessing = 0;
		};
		C723ECF92CB45FAB009E4B52 /* Sources */ = {
			isa = PBXSourcesBuildPhase;
			buildActionMask = 2147483647;
			files = (
			);
			runOnlyForDeploymentPostprocessing = 0;
		};
		C723ED4A2CB4706F009E4B52 /* Sources */ = {
			isa = PBXSourcesBuildPhase;
			buildActionMask = 2147483647;
			files = (
			);
			runOnlyForDeploymentPostprocessing = 0;
		};
/* End PBXSourcesBuildPhase section */

/* Begin PBXTargetDependency section */
		C723ECFF2CB45FAB009E4B52 /* PBXTargetDependency */ = {
			isa = PBXTargetDependency;
			target = C723ECEC2CB45FA9009E4B52 /* MovieWatchList */;
			targetProxy = C723ECFE2CB45FAB009E4B52 /* PBXContainerItemProxy */;
		};
		C723ED552CB4706F009E4B52 /* PBXTargetDependency */ = {
			isa = PBXTargetDependency;
			target = C723ECEC2CB45FA9009E4B52 /* MovieWatchList */;
			targetProxy = C723ED542CB4706F009E4B52 /* PBXContainerItemProxy */;
		};
/* End PBXTargetDependency section */

/* Begin XCBuildConfiguration section */
		C723ED0F2CB45FAB009E4B52 /* Debug */ = {
			isa = XCBuildConfiguration;
			buildSettings = {
				ALWAYS_SEARCH_USER_PATHS = NO;
				ASSETCATALOG_COMPILER_GENERATE_SWIFT_ASSET_SYMBOL_EXTENSIONS = YES;
				CLANG_ANALYZER_NONNULL = YES;
				CLANG_ANALYZER_NUMBER_OBJECT_CONVERSION = YES_AGGRESSIVE;
				CLANG_CXX_LANGUAGE_STANDARD = "gnu++20";
				CLANG_ENABLE_MODULES = YES;
				CLANG_ENABLE_OBJC_ARC = YES;
				CLANG_ENABLE_OBJC_WEAK = YES;
				CLANG_WARN_BLOCK_CAPTURE_AUTORELEASING = YES;
				CLANG_WARN_BOOL_CONVERSION = YES;
				CLANG_WARN_COMMA = YES;
				CLANG_WARN_CONSTANT_CONVERSION = YES;
				CLANG_WARN_DEPRECATED_OBJC_IMPLEMENTATIONS = YES;
				CLANG_WARN_DIRECT_OBJC_ISA_USAGE = YES_ERROR;
				CLANG_WARN_DOCUMENTATION_COMMENTS = YES;
				CLANG_WARN_EMPTY_BODY = YES;
				CLANG_WARN_ENUM_CONVERSION = YES;
				CLANG_WARN_INFINITE_RECURSION = YES;
				CLANG_WARN_INT_CONVERSION = YES;
				CLANG_WARN_NON_LITERAL_NULL_CONVERSION = YES;
				CLANG_WARN_OBJC_IMPLICIT_RETAIN_SELF = YES;
				CLANG_WARN_OBJC_LITERAL_CONVERSION = YES;
				CLANG_WARN_OBJC_ROOT_CLASS = YES_ERROR;
				CLANG_WARN_QUOTED_INCLUDE_IN_FRAMEWORK_HEADER = YES;
				CLANG_WARN_RANGE_LOOP_ANALYSIS = YES;
				CLANG_WARN_STRICT_PROTOTYPES = YES;
				CLANG_WARN_SUSPICIOUS_MOVE = YES;
				CLANG_WARN_UNGUARDED_AVAILABILITY = YES_AGGRESSIVE;
				CLANG_WARN_UNREACHABLE_CODE = YES;
				CLANG_WARN__DUPLICATE_METHOD_MATCH = YES;
				COPY_PHASE_STRIP = NO;
				DEBUG_INFORMATION_FORMAT = dwarf;
				ENABLE_STRICT_OBJC_MSGSEND = YES;
				ENABLE_TESTABILITY = YES;
				ENABLE_USER_SCRIPT_SANDBOXING = YES;
				GCC_C_LANGUAGE_STANDARD = gnu17;
				GCC_DYNAMIC_NO_PIC = NO;
				GCC_NO_COMMON_BLOCKS = YES;
				GCC_OPTIMIZATION_LEVEL = 0;
				GCC_PREPROCESSOR_DEFINITIONS = (
					"DEBUG=1",
					"$(inherited)",
				);
				GCC_WARN_64_TO_32_BIT_CONVERSION = YES;
				GCC_WARN_ABOUT_RETURN_TYPE = YES_ERROR;
				GCC_WARN_UNDECLARED_SELECTOR = YES;
				GCC_WARN_UNINITIALIZED_AUTOS = YES_AGGRESSIVE;
				GCC_WARN_UNUSED_FUNCTION = YES;
				GCC_WARN_UNUSED_VARIABLE = YES;
				IPHONEOS_DEPLOYMENT_TARGET = 18.0;
				LOCALIZATION_PREFERS_STRING_CATALOGS = YES;
				MTL_ENABLE_DEBUG_INFO = INCLUDE_SOURCE;
				MTL_FAST_MATH = YES;
				ONLY_ACTIVE_ARCH = YES;
				SDKROOT = iphoneos;
				SWIFT_ACTIVE_COMPILATION_CONDITIONS = "DEBUG $(inherited)";
				SWIFT_OPTIMIZATION_LEVEL = "-Onone";
			};
			name = Debug;
		};
		C723ED102CB45FAB009E4B52 /* Release */ = {
			isa = XCBuildConfiguration;
			buildSettings = {
				ALWAYS_SEARCH_USER_PATHS = NO;
				ASSETCATALOG_COMPILER_GENERATE_SWIFT_ASSET_SYMBOL_EXTENSIONS = YES;
				CLANG_ANALYZER_NONNULL = YES;
				CLANG_ANALYZER_NUMBER_OBJECT_CONVERSION = YES_AGGRESSIVE;
				CLANG_CXX_LANGUAGE_STANDARD = "gnu++20";
				CLANG_ENABLE_MODULES = YES;
				CLANG_ENABLE_OBJC_ARC = YES;
				CLANG_ENABLE_OBJC_WEAK = YES;
				CLANG_WARN_BLOCK_CAPTURE_AUTORELEASING = YES;
				CLANG_WARN_BOOL_CONVERSION = YES;
				CLANG_WARN_COMMA = YES;
				CLANG_WARN_CONSTANT_CONVERSION = YES;
				CLANG_WARN_DEPRECATED_OBJC_IMPLEMENTATIONS = YES;
				CLANG_WARN_DIRECT_OBJC_ISA_USAGE = YES_ERROR;
				CLANG_WARN_DOCUMENTATION_COMMENTS = YES;
				CLANG_WARN_EMPTY_BODY = YES;
				CLANG_WARN_ENUM_CONVERSION = YES;
				CLANG_WARN_INFINITE_RECURSION = YES;
				CLANG_WARN_INT_CONVERSION = YES;
				CLANG_WARN_NON_LITERAL_NULL_CONVERSION = YES;
				CLANG_WARN_OBJC_IMPLICIT_RETAIN_SELF = YES;
				CLANG_WARN_OBJC_LITERAL_CONVERSION = YES;
				CLANG_WARN_OBJC_ROOT_CLASS = YES_ERROR;
				CLANG_WARN_QUOTED_INCLUDE_IN_FRAMEWORK_HEADER = YES;
				CLANG_WARN_RANGE_LOOP_ANALYSIS = YES;
				CLANG_WARN_STRICT_PROTOTYPES = YES;
				CLANG_WARN_SUSPICIOUS_MOVE = YES;
				CLANG_WARN_UNGUARDED_AVAILABILITY = YES_AGGRESSIVE;
				CLANG_WARN_UNREACHABLE_CODE = YES;
				CLANG_WARN__DUPLICATE_METHOD_MATCH = YES;
				COPY_PHASE_STRIP = NO;
				DEBUG_INFORMATION_FORMAT = "dwarf-with-dsym";
				ENABLE_NS_ASSERTIONS = NO;
				ENABLE_STRICT_OBJC_MSGSEND = YES;
				ENABLE_USER_SCRIPT_SANDBOXING = YES;
				GCC_C_LANGUAGE_STANDARD = gnu17;
				GCC_NO_COMMON_BLOCKS = YES;
				GCC_WARN_64_TO_32_BIT_CONVERSION = YES;
				GCC_WARN_ABOUT_RETURN_TYPE = YES_ERROR;
				GCC_WARN_UNDECLARED_SELECTOR = YES;
				GCC_WARN_UNINITIALIZED_AUTOS = YES_AGGRESSIVE;
				GCC_WARN_UNUSED_FUNCTION = YES;
				GCC_WARN_UNUSED_VARIABLE = YES;
				IPHONEOS_DEPLOYMENT_TARGET = 18.0;
				LOCALIZATION_PREFERS_STRING_CATALOGS = YES;
				MTL_ENABLE_DEBUG_INFO = NO;
				MTL_FAST_MATH = YES;
				SDKROOT = iphoneos;
				SWIFT_COMPILATION_MODE = wholemodule;
				VALIDATE_PRODUCT = YES;
			};
			name = Release;
		};
		C723ED122CB45FAB009E4B52 /* Debug */ = {
			isa = XCBuildConfiguration;
			buildSettings = {
				ASSETCATALOG_COMPILER_APPICON_NAME = AppIcon;
				ASSETCATALOG_COMPILER_GLOBAL_ACCENT_COLOR_NAME = AccentColor;
				CODE_SIGN_STYLE = Automatic;
				CURRENT_PROJECT_VERSION = 1;
				DEVELOPMENT_ASSET_PATHS = "\"MovieWatchList/Preview Content\"";
				ENABLE_PREVIEWS = YES;
				GENERATE_INFOPLIST_FILE = YES;
				INFOPLIST_KEY_UIApplicationSceneManifest_Generation = YES;
				INFOPLIST_KEY_UIApplicationSupportsIndirectInputEvents = YES;
				INFOPLIST_KEY_UILaunchScreen_Generation = YES;
				INFOPLIST_KEY_UISupportedInterfaceOrientations_iPad = "UIInterfaceOrientationPortrait UIInterfaceOrientationPortraitUpsideDown UIInterfaceOrientationLandscapeLeft UIInterfaceOrientationLandscapeRight";
				INFOPLIST_KEY_UISupportedInterfaceOrientations_iPhone = "UIInterfaceOrientationPortrait UIInterfaceOrientationLandscapeLeft UIInterfaceOrientationLandscapeRight";
				LD_RUNPATH_SEARCH_PATHS = (
					"$(inherited)",
					"@executable_path/Frameworks",
				);
				MARKETING_VERSION = 1.0;
				PRODUCT_BUNDLE_IDENTIFIER = com.application.MovieWatchList;
				PRODUCT_NAME = "$(TARGET_NAME)";
				SWIFT_EMIT_LOC_STRINGS = YES;
				SWIFT_VERSION = 5.0;
				TARGETED_DEVICE_FAMILY = "1,2";
			};
			name = Debug;
		};
		C723ED132CB45FAB009E4B52 /* Release */ = {
			isa = XCBuildConfiguration;
			buildSettings = {
				ASSETCATALOG_COMPILER_APPICON_NAME = AppIcon;
				ASSETCATALOG_COMPILER_GLOBAL_ACCENT_COLOR_NAME = AccentColor;
				CODE_SIGN_STYLE = Automatic;
				CURRENT_PROJECT_VERSION = 1;
				DEVELOPMENT_ASSET_PATHS = "\"MovieWatchList/Preview Content\"";
				ENABLE_PREVIEWS = YES;
				GENERATE_INFOPLIST_FILE = YES;
				INFOPLIST_KEY_UIApplicationSceneManifest_Generation = YES;
				INFOPLIST_KEY_UIApplicationSupportsIndirectInputEvents = YES;
				INFOPLIST_KEY_UILaunchScreen_Generation = YES;
				INFOPLIST_KEY_UISupportedInterfaceOrientations_iPad = "UIInterfaceOrientationPortrait UIInterfaceOrientationPortraitUpsideDown UIInterfaceOrientationLandscapeLeft UIInterfaceOrientationLandscapeRight";
				INFOPLIST_KEY_UISupportedInterfaceOrientations_iPhone = "UIInterfaceOrientationPortrait UIInterfaceOrientationLandscapeLeft UIInterfaceOrientationLandscapeRight";
				LD_RUNPATH_SEARCH_PATHS = (
					"$(inherited)",
					"@executable_path/Frameworks",
				);
				MARKETING_VERSION = 1.0;
				PRODUCT_BUNDLE_IDENTIFIER = com.application.MovieWatchList;
				PRODUCT_NAME = "$(TARGET_NAME)";
				SWIFT_EMIT_LOC_STRINGS = YES;
				SWIFT_VERSION = 5.0;
				TARGETED_DEVICE_FAMILY = "1,2";
			};
			name = Release;
		};
		C723ED152CB45FAB009E4B52 /* Debug */ = {
			isa = XCBuildConfiguration;
			buildSettings = {
				BUNDLE_LOADER = "$(TEST_HOST)";
				CODE_SIGN_STYLE = Automatic;
				CURRENT_PROJECT_VERSION = 1;
				GENERATE_INFOPLIST_FILE = YES;
				IPHONEOS_DEPLOYMENT_TARGET = 18.0;
				MARKETING_VERSION = 1.0;
				PRODUCT_BUNDLE_IDENTIFIER = com.application.MovieWatchListTests;
				PRODUCT_NAME = "$(TARGET_NAME)";
				SWIFT_EMIT_LOC_STRINGS = NO;
				SWIFT_VERSION = 5.0;
				TARGETED_DEVICE_FAMILY = "1,2";
				TEST_HOST = "$(BUILT_PRODUCTS_DIR)/MovieWatchList.app/$(BUNDLE_EXECUTABLE_FOLDER_PATH)/MovieWatchList";
			};
			name = Debug;
		};
		C723ED162CB45FAB009E4B52 /* Release */ = {
			isa = XCBuildConfiguration;
			buildSettings = {
				BUNDLE_LOADER = "$(TEST_HOST)";
				CODE_SIGN_STYLE = Automatic;
				CURRENT_PROJECT_VERSION = 1;
				GENERATE_INFOPLIST_FILE = YES;
				IPHONEOS_DEPLOYMENT_TARGET = 18.0;
				MARKETING_VERSION = 1.0;
				PRODUCT_BUNDLE_IDENTIFIER = com.application.MovieWatchListTests;
				PRODUCT_NAME = "$(TARGET_NAME)";
				SWIFT_EMIT_LOC_STRINGS = NO;
				SWIFT_VERSION = 5.0;
				TARGETED_DEVICE_FAMILY = "1,2";
				TEST_HOST = "$(BUILT_PRODUCTS_DIR)/MovieWatchList.app/$(BUNDLE_EXECUTABLE_FOLDER_PATH)/MovieWatchList";
			};
			name = Release;
		};
		C723ED572CB4706F009E4B52 /* Debug */ = {
			isa = XCBuildConfiguration;
			buildSettings = {
				CODE_SIGN_STYLE = Automatic;
				CURRENT_PROJECT_VERSION = 1;
				GENERATE_INFOPLIST_FILE = YES;
				MARKETING_VERSION = 1.0;
				PRODUCT_BUNDLE_IDENTIFIER = com.application.MovieWatchListUITesting;
				PRODUCT_NAME = "$(TARGET_NAME)";
				SWIFT_EMIT_LOC_STRINGS = NO;
				SWIFT_VERSION = 5.0;
				TARGETED_DEVICE_FAMILY = "1,2";
				TEST_TARGET_NAME = MovieWatchList;
			};
			name = Debug;
		};
		C723ED582CB4706F009E4B52 /* Release */ = {
			isa = XCBuildConfiguration;
			buildSettings = {
				CODE_SIGN_STYLE = Automatic;
				CURRENT_PROJECT_VERSION = 1;
				GENERATE_INFOPLIST_FILE = YES;
				MARKETING_VERSION = 1.0;
				PRODUCT_BUNDLE_IDENTIFIER = com.application.MovieWatchListUITesting;
				PRODUCT_NAME = "$(TARGET_NAME)";
				SWIFT_EMIT_LOC_STRINGS = NO;
				SWIFT_VERSION = 5.0;
				TARGETED_DEVICE_FAMILY = "1,2";
				TEST_TARGET_NAME = MovieWatchList;
			};
			name = Release;
		};
/* End XCBuildConfiguration section */

/* Begin XCConfigurationList section */
		C723ECE82CB45FA9009E4B52 /* Build configuration list for PBXProject "MovieWatchList" */ = {
			isa = XCConfigurationList;
			buildConfigurations = (
				C723ED0F2CB45FAB009E4B52 /* Debug */,
				C723ED102CB45FAB009E4B52 /* Release */,
			);
			defaultConfigurationIsVisible = 0;
			defaultConfigurationName = Release;
		};
		C723ED112CB45FAB009E4B52 /* Build configuration list for PBXNativeTarget "MovieWatchList" */ = {
			isa = XCConfigurationList;
			buildConfigurations = (
				C723ED122CB45FAB009E4B52 /* Debug */,
				C723ED132CB45FAB009E4B52 /* Release */,
			);
			defaultConfigurationIsVisible = 0;
			defaultConfigurationName = Release;
		};
		C723ED142CB45FAB009E4B52 /* Build configuration list for PBXNativeTarget "MovieWatchListTests" */ = {
			isa = XCConfigurationList;
			buildConfigurations = (
				C723ED152CB45FAB009E4B52 /* Debug */,
				C723ED162CB45FAB009E4B52 /* Release */,
			);
			defaultConfigurationIsVisible = 0;
			defaultConfigurationName = Release;
		};
		C723ED562CB4706F009E4B52 /* Build configuration list for PBXNativeTarget "MovieWatchListUITesting" */ = {
			isa = XCConfigurationList;
			buildConfigurations = (
				C723ED572CB4706F009E4B52 /* Debug */,
				C723ED582CB4706F009E4B52 /* Release */,
			);
			defaultConfigurationIsVisible = 0;
			defaultConfigurationName = Release;
		};
/* End XCConfigurationList section */
	};
	rootObject = C723ECE52CB45FA9009E4B52 /* Project object */;
}
